
Microsoft Visual Studio Solution File, Format Version 12.00
# Visual Studio Version 17
VisualStudioVersion = 17.2.32630.192
MinimumVisualStudioVersion = 10.0.40219.1
Project("{2150E333-8FDC-42A3-9474-1A3956D46DE8}") = ".Solution-Items", ".Solution-Items", "{15D78E00-9240-4466-9C4A-DE73B24BD17E}"
	ProjectSection(SolutionItems) = preProject
		Backlog.txt = Backlog.txt
		CHANGE-LOG.md = CHANGE-LOG.md
	EndProjectSection
EndProject
Project("{2150E333-8FDC-42A3-9474-1A3956D46DE8}") = "Src", "Src", "{A20AA375-0831-408C-AE0F-5B227916216B}"
EndProject
Project("{2150E333-8FDC-42A3-9474-1A3956D46DE8}") = "Tests", "Tests", "{225BF86A-7883-4B8A-8095-4969CA90439E}"
EndProject
Project("{9A19103F-16F7-4668-BE54-9A1E7A4F7556}") = "Axis.Nix", "Axis.Nix\Axis.Nix.csproj", "{4134081A-3820-4A04-B816-47D7B548F131}"
EndProject
Project("{9A19103F-16F7-4668-BE54-9A1E7A4F7556}") = "Axis.Nix.Tests", "Axis.Nix.Tests\Axis.Nix.Tests.csproj", "{A1513CF9-D823-4A15-923D-40E0F38D9E93}"
EndProject
Project("{9A19103F-16F7-4668-BE54-9A1E7A4F7556}") = "Axis.Nix.Metrics.AppMetrics", "Axis.Nix.Metrics\Axis.Nix.Metrics.AppMetrics.csproj", "{AF5C6CBF-0DCB-4739-B84F-3F145B60B0F6}"
EndProject
Project("{9A19103F-16F7-4668-BE54-9A1E7A4F7556}") = "Axis.Nix.Logging.Serilog", "Axis.Nix.Loggin\Axis.Nix.Logging.Serilog.csproj", "{E394E67A-1BEB-4DCA-9354-2CA5D2543A7D}"
EndProject
Project("{9A19103F-16F7-4668-BE54-9A1E7A4F7556}") = "Axis.Nix.Logging.NLog", "Axis.Nix.Logging.NLog\Axis.Nix.Logging.NLog.csproj", "{2C144741-D1C5-49AB-B161-9247CBDEC2F1}"
EndProject
Project("{FAE04EC0-301F-11D3-BF4B-00C04F79EFBC}") = "Axis.Nix.Logging.NLog.Tests", "Axis.Nix.Logging.NLog.Tests\Axis.Nix.Logging.NLog.Tests.csproj", "{CE881BCD-5004-4273-B1DE-7DECBE31F229}"
EndProject
Project("{FAE04EC0-301F-11D3-BF4B-00C04F79EFBC}") = "Axis.Nix.Logging.Serilog.Tests", "Axis.Nix.Logging.Serilog.Tests\Axis.Nix.Logging.Serilog.Tests.csproj", "{80D2B6C5-5852-44FB-A382-AAEC82F0E1B8}"
EndProject
Project("{FAE04EC0-301F-11D3-BF4B-00C04F79EFBC}") = "Axis.Nix.Metrics.AppMetrics.Tests", "Axis.Nix.Metrics.AppMetrics.Tests\Axis.Nix.Metrics.AppMetrics.Tests.csproj", "{43FF26E5-63F2-479C-BA50-D2431CB3DCEE}"
EndProject
Global
	GlobalSection(SolutionConfigurationPlatforms) = preSolution
		Debug|Any CPU = Debug|Any CPU
		Release|Any CPU = Release|Any CPU
	EndGlobalSection
	GlobalSection(ProjectConfigurationPlatforms) = postSolution
		{4134081A-3820-4A04-B816-47D7B548F131}.Debug|Any CPU.ActiveCfg = Debug|Any CPU
		{4134081A-3820-4A04-B816-47D7B548F131}.Debug|Any CPU.Build.0 = Debug|Any CPU
		{4134081A-3820-4A04-B816-47D7B548F131}.Release|Any CPU.ActiveCfg = Release|Any CPU
		{4134081A-3820-4A04-B816-47D7B548F131}.Release|Any CPU.Build.0 = Release|Any CPU
		{A1513CF9-D823-4A15-923D-40E0F38D9E93}.Debug|Any CPU.ActiveCfg = Debug|Any CPU
		{A1513CF9-D823-4A15-923D-40E0F38D9E93}.Debug|Any CPU.Build.0 = Debug|Any CPU
		{A1513CF9-D823-4A15-923D-40E0F38D9E93}.Release|Any CPU.ActiveCfg = Release|Any CPU
		{A1513CF9-D823-4A15-923D-40E0F38D9E93}.Release|Any CPU.Build.0 = Release|Any CPU
		{AF5C6CBF-0DCB-4739-B84F-3F145B60B0F6}.Debug|Any CPU.ActiveCfg = Debug|Any CPU
		{AF5C6CBF-0DCB-4739-B84F-3F145B60B0F6}.Debug|Any CPU.Build.0 = Debug|Any CPU
		{AF5C6CBF-0DCB-4739-B84F-3F145B60B0F6}.Release|Any CPU.ActiveCfg = Release|Any CPU
		{AF5C6CBF-0DCB-4739-B84F-3F145B60B0F6}.Release|Any CPU.Build.0 = Release|Any CPU
		{E394E67A-1BEB-4DCA-9354-2CA5D2543A7D}.Debug|Any CPU.ActiveCfg = Debug|Any CPU
		{E394E67A-1BEB-4DCA-9354-2CA5D2543A7D}.Debug|Any CPU.Build.0 = Debug|Any CPU
		{E394E67A-1BEB-4DCA-9354-2CA5D2543A7D}.Release|Any CPU.ActiveCfg = Release|Any CPU
		{E394E67A-1BEB-4DCA-9354-2CA5D2543A7D}.Release|Any CPU.Build.0 = Release|Any CPU
		{2C144741-D1C5-49AB-B161-9247CBDEC2F1}.Debug|Any CPU.ActiveCfg = Debug|Any CPU
		{2C144741-D1C5-49AB-B161-9247CBDEC2F1}.Debug|Any CPU.Build.0 = Debug|Any CPU
		{2C144741-D1C5-49AB-B161-9247CBDEC2F1}.Release|Any CPU.ActiveCfg = Release|Any CPU
		{2C144741-D1C5-49AB-B161-9247CBDEC2F1}.Release|Any CPU.Build.0 = Release|Any CPU
		{CE881BCD-5004-4273-B1DE-7DECBE31F229}.Debug|Any CPU.ActiveCfg = Debug|Any CPU
		{CE881BCD-5004-4273-B1DE-7DECBE31F229}.Debug|Any CPU.Build.0 = Debug|Any CPU
		{CE881BCD-5004-4273-B1DE-7DECBE31F229}.Release|Any CPU.ActiveCfg = Release|Any CPU
		{CE881BCD-5004-4273-B1DE-7DECBE31F229}.Release|Any CPU.Build.0 = Release|Any CPU
		{80D2B6C5-5852-44FB-A382-AAEC82F0E1B8}.Debug|Any CPU.ActiveCfg = Debug|Any CPU
		{80D2B6C5-5852-44FB-A382-AAEC82F0E1B8}.Debug|Any CPU.Build.0 = Debug|Any CPU
		{80D2B6C5-5852-44FB-A382-AAEC82F0E1B8}.Release|Any CPU.ActiveCfg = Release|Any CPU
		{80D2B6C5-5852-44FB-A382-AAEC82F0E1B8}.Release|Any CPU.Build.0 = Release|Any CPU
		{43FF26E5-63F2-479C-BA50-D2431CB3DCEE}.Debug|Any CPU.ActiveCfg = Debug|Any CPU
		{43FF26E5-63F2-479C-BA50-D2431CB3DCEE}.Debug|Any CPU.Build.0 = Debug|Any CPU
		{43FF26E5-63F2-479C-BA50-D2431CB3DCEE}.Release|Any CPU.ActiveCfg = Release|Any CPU
		{43FF26E5-63F2-479C-BA50-D2431CB3DCEE}.Release|Any CPU.Build.0 = Release|Any CPU
	EndGlobalSection
	GlobalSection(SolutionProperties) = preSolution
		HideSolutionNode = FALSE
	EndGlobalSection
	GlobalSection(NestedProjects) = preSolution
		{4134081A-3820-4A04-B816-47D7B548F131} = {A20AA375-0831-408C-AE0F-5B227916216B}
		{A1513CF9-D823-4A15-923D-40E0F38D9E93} = {225BF86A-7883-4B8A-8095-4969CA90439E}
		{AF5C6CBF-0DCB-4739-B84F-3F145B60B0F6} = {A20AA375-0831-408C-AE0F-5B227916216B}
		{E394E67A-1BEB-4DCA-9354-2CA5D2543A7D} = {A20AA375-0831-408C-AE0F-5B227916216B}
		{2C144741-D1C5-49AB-B161-9247CBDEC2F1} = {A20AA375-0831-408C-AE0F-5B227916216B}
		{CE881BCD-5004-4273-B1DE-7DECBE31F229} = {225BF86A-7883-4B8A-8095-4969CA90439E}
		{80D2B6C5-5852-44FB-A382-AAEC82F0E1B8} = {225BF86A-7883-4B8A-8095-4969CA90439E}
		{43FF26E5-63F2-479C-BA50-D2431CB3DCEE} = {225BF86A-7883-4B8A-8095-4969CA90439E}
	EndGlobalSection
	GlobalSection(ExtensibilityGlobals) = postSolution
		SolutionGuid = {C0925E5D-4DCB-4868-B873-D03997B156B6}
	EndGlobalSection
EndGlobal
